
Microsoft Visual Studio Solution File, Format Version 12.00
# Visual Studio Version 16
VisualStudioVersion = 16.0.31515.178
MinimumVisualStudioVersion = 10.0.40219.1
Project("{2150E333-8FDC-42A3-9474-1A3956D46DE8}") = "src", "src", "{356E14FF-CCE6-41EB-8EBB-B1ACAD765737}"
EndProject
Project("{2150E333-8FDC-42A3-9474-1A3956D46DE8}") = "test", "test", "{205243A3-A692-46C6-9013-7F427FCAFD2F}"
EndProject
Project("{2150E333-8FDC-42A3-9474-1A3956D46DE8}") = "01-Integration", "01-Integration", "{6D4BE09C-C9AB-4D1C-B900-EB8097C65C42}"
EndProject
Project("{2150E333-8FDC-42A3-9474-1A3956D46DE8}") = "02-Service", "02-Service", "{EA3B3F62-0D47-4562-93A8-A1B861112414}"
EndProject
Project("{2150E333-8FDC-42A3-9474-1A3956D46DE8}") = "03-Unit", "03-Unit", "{46D4E56C-5124-4980-8FAE-DB41E35DE4AC}"
EndProject
Project("{2150E333-8FDC-42A3-9474-1A3956D46DE8}") = "1 - Service", "1 - Service", "{0A866D92-A4B5-40DF-A24E-312F7D55E7C3}"
EndProject
Project("{2150E333-8FDC-42A3-9474-1A3956D46DE8}") = "2 - Application", "2 - Application", "{D20FED23-BFC8-4EC0-9005-27133FEE2CBF}"
EndProject
Project("{2150E333-8FDC-42A3-9474-1A3956D46DE8}") = "3 - Domain", "3 - Domain", "{03B3A8D3-EB50-445D-B32C-643D75FA059B}"
EndProject
Project("{2150E333-8FDC-42A3-9474-1A3956D46DE8}") = "4 - Infra", "4 - Infra", "{DBBE5346-AF37-4D49-AA75-EC4BAEA497DC}"
EndProject
Project("{2150E333-8FDC-42A3-9474-1A3956D46DE8}") = "API", "API", "{F645E5CB-F9A5-4B2E-A946-8510029A5908}"
EndProject
Project("{9A19103F-16F7-4668-BE54-9A1E7A4F7556}") = "Loja.Service.Api.Cliente", "src\Loja.Service.Api.Cliente\Loja.Service.Api.Cliente.csproj", "{57F522D6-9543-48E1-99A2-726A11F36CBA}"
EndProject
Project("{9A19103F-16F7-4668-BE54-9A1E7A4F7556}") = "Loja.Application", "src\Loja.Application\Loja.Application.csproj", "{D41B7DAE-8F00-4876-AD10-8D4C9803CB82}"
EndProject
Project("{9A19103F-16F7-4668-BE54-9A1E7A4F7556}") = "Loja.Application.Contracts", "src\Loja.Application.Contracts\Loja.Application.Contracts.csproj", "{B33031BB-1B64-4D86-9436-8EB5240618EB}"
EndProject
Project("{9A19103F-16F7-4668-BE54-9A1E7A4F7556}") = "Loja.Domain", "src\Loja.Domain\Loja.Domain.csproj", "{7810609B-CB6E-4400-A17D-C5B34AC031C4}"
EndProject
Project("{9A19103F-16F7-4668-BE54-9A1E7A4F7556}") = "Loja.Domain.Core", "src\Loja.Domain.Core\Loja.Domain.Core.csproj", "{3D4ED926-7FFF-41EA-8D5E-D6FA85465D18}"
EndProject
Project("{2150E333-8FDC-42A3-9474-1A3956D46DE8}") = "4.1 - Data", "4.1 - Data", "{B0058573-B5DF-41ED-AEA6-E8EB167EA9D2}"
EndProject
Project("{2150E333-8FDC-42A3-9474-1A3956D46DE8}") = "4.2 - CrossCutting", "4.2 - CrossCutting", "{8A6BA730-1925-4749-A54D-866AD29BECA6}"
EndProject
Project("{9A19103F-16F7-4668-BE54-9A1E7A4F7556}") = "Loja.Infra.Data", "src\Loja.Infra.Data\Loja.Infra.Data.csproj", "{4F3DD4E7-417E-41C1-A0C0-56729F3A7393}"
EndProject
Project("{9A19103F-16F7-4668-BE54-9A1E7A4F7556}") = "Loja.Infra.CrossCutting.Bus", "src\Loja.Infra.CrossCutting.Bus\Loja.Infra.CrossCutting.Bus.csproj", "{12A1B850-6D16-4C93-AB9D-A532AF657424}"
EndProject
Project("{9A19103F-16F7-4668-BE54-9A1E7A4F7556}") = "Loja.Infra.CrossCutting.IoC", "src\Loja.Infra.CrossCutting.IoC\Loja.Infra.CrossCutting.IoC.csproj", "{D32B0F76-0E19-47C5-8869-85FB03CE89D4}"
EndProject
Project("{9A19103F-16F7-4668-BE54-9A1E7A4F7556}") = "Loja.Domain.Test", "test\Loja.Domain.Test\Loja.Domain.Test.csproj", "{309EB23F-D834-4B98-A346-EC9B4A8A07B0}"
EndProject
Global
	GlobalSection(SolutionConfigurationPlatforms) = preSolution
		Debug|Any CPU = Debug|Any CPU
		Release|Any CPU = Release|Any CPU
	EndGlobalSection
	GlobalSection(ProjectConfigurationPlatforms) = postSolution
		{57F522D6-9543-48E1-99A2-726A11F36CBA}.Debug|Any CPU.ActiveCfg = Debug|Any CPU
		{57F522D6-9543-48E1-99A2-726A11F36CBA}.Debug|Any CPU.Build.0 = Debug|Any CPU
		{57F522D6-9543-48E1-99A2-726A11F36CBA}.Release|Any CPU.ActiveCfg = Release|Any CPU
		{57F522D6-9543-48E1-99A2-726A11F36CBA}.Release|Any CPU.Build.0 = Release|Any CPU
		{D41B7DAE-8F00-4876-AD10-8D4C9803CB82}.Debug|Any CPU.ActiveCfg = Debug|Any CPU
		{D41B7DAE-8F00-4876-AD10-8D4C9803CB82}.Debug|Any CPU.Build.0 = Debug|Any CPU
		{D41B7DAE-8F00-4876-AD10-8D4C9803CB82}.Release|Any CPU.ActiveCfg = Release|Any CPU
		{D41B7DAE-8F00-4876-AD10-8D4C9803CB82}.Release|Any CPU.Build.0 = Release|Any CPU
		{B33031BB-1B64-4D86-9436-8EB5240618EB}.Debug|Any CPU.ActiveCfg = Debug|Any CPU
		{B33031BB-1B64-4D86-9436-8EB5240618EB}.Debug|Any CPU.Build.0 = Debug|Any CPU
		{B33031BB-1B64-4D86-9436-8EB5240618EB}.Release|Any CPU.ActiveCfg = Release|Any CPU
		{B33031BB-1B64-4D86-9436-8EB5240618EB}.Release|Any CPU.Build.0 = Release|Any CPU
		{7810609B-CB6E-4400-A17D-C5B34AC031C4}.Debug|Any CPU.ActiveCfg = Debug|Any CPU
		{7810609B-CB6E-4400-A17D-C5B34AC031C4}.Debug|Any CPU.Build.0 = Debug|Any CPU
		{7810609B-CB6E-4400-A17D-C5B34AC031C4}.Release|Any CPU.ActiveCfg = Release|Any CPU
		{7810609B-CB6E-4400-A17D-C5B34AC031C4}.Release|Any CPU.Build.0 = Release|Any CPU
		{3D4ED926-7FFF-41EA-8D5E-D6FA85465D18}.Debug|Any CPU.ActiveCfg = Debug|Any CPU
		{3D4ED926-7FFF-41EA-8D5E-D6FA85465D18}.Debug|Any CPU.Build.0 = Debug|Any CPU
		{3D4ED926-7FFF-41EA-8D5E-D6FA85465D18}.Release|Any CPU.ActiveCfg = Release|Any CPU
		{3D4ED926-7FFF-41EA-8D5E-D6FA85465D18}.Release|Any CPU.Build.0 = Release|Any CPU
		{4F3DD4E7-417E-41C1-A0C0-56729F3A7393}.Debug|Any CPU.ActiveCfg = Debug|Any CPU
		{4F3DD4E7-417E-41C1-A0C0-56729F3A7393}.Debug|Any CPU.Build.0 = Debug|Any CPU
		{4F3DD4E7-417E-41C1-A0C0-56729F3A7393}.Release|Any CPU.ActiveCfg = Release|Any CPU
		{4F3DD4E7-417E-41C1-A0C0-56729F3A7393}.Release|Any CPU.Build.0 = Release|Any CPU
		{12A1B850-6D16-4C93-AB9D-A532AF657424}.Debug|Any CPU.ActiveCfg = Debug|Any CPU
		{12A1B850-6D16-4C93-AB9D-A532AF657424}.Debug|Any CPU.Build.0 = Debug|Any CPU
		{12A1B850-6D16-4C93-AB9D-A532AF657424}.Release|Any CPU.ActiveCfg = Release|Any CPU
		{12A1B850-6D16-4C93-AB9D-A532AF657424}.Release|Any CPU.Build.0 = Release|Any CPU
		{D32B0F76-0E19-47C5-8869-85FB03CE89D4}.Debug|Any CPU.ActiveCfg = Debug|Any CPU
		{D32B0F76-0E19-47C5-8869-85FB03CE89D4}.Debug|Any CPU.Build.0 = Debug|Any CPU
		{D32B0F76-0E19-47C5-8869-85FB03CE89D4}.Release|Any CPU.ActiveCfg = Release|Any CPU
		{D32B0F76-0E19-47C5-8869-85FB03CE89D4}.Release|Any CPU.Build.0 = Release|Any CPU
		{309EB23F-D834-4B98-A346-EC9B4A8A07B0}.Debug|Any CPU.ActiveCfg = Debug|Any CPU
		{309EB23F-D834-4B98-A346-EC9B4A8A07B0}.Debug|Any CPU.Build.0 = Debug|Any CPU
		{309EB23F-D834-4B98-A346-EC9B4A8A07B0}.Release|Any CPU.ActiveCfg = Release|Any CPU
		{309EB23F-D834-4B98-A346-EC9B4A8A07B0}.Release|Any CPU.Build.0 = Release|Any CPU
	EndGlobalSection
	GlobalSection(SolutionProperties) = preSolution
		HideSolutionNode = FALSE
	EndGlobalSection
	GlobalSection(NestedProjects) = preSolution
		{6D4BE09C-C9AB-4D1C-B900-EB8097C65C42} = {205243A3-A692-46C6-9013-7F427FCAFD2F}
		{EA3B3F62-0D47-4562-93A8-A1B861112414} = {205243A3-A692-46C6-9013-7F427FCAFD2F}
		{46D4E56C-5124-4980-8FAE-DB41E35DE4AC} = {205243A3-A692-46C6-9013-7F427FCAFD2F}
		{0A866D92-A4B5-40DF-A24E-312F7D55E7C3} = {356E14FF-CCE6-41EB-8EBB-B1ACAD765737}
		{D20FED23-BFC8-4EC0-9005-27133FEE2CBF} = {356E14FF-CCE6-41EB-8EBB-B1ACAD765737}
		{03B3A8D3-EB50-445D-B32C-643D75FA059B} = {356E14FF-CCE6-41EB-8EBB-B1ACAD765737}
		{DBBE5346-AF37-4D49-AA75-EC4BAEA497DC} = {356E14FF-CCE6-41EB-8EBB-B1ACAD765737}
		{F645E5CB-F9A5-4B2E-A946-8510029A5908} = {0A866D92-A4B5-40DF-A24E-312F7D55E7C3}
		{57F522D6-9543-48E1-99A2-726A11F36CBA} = {F645E5CB-F9A5-4B2E-A946-8510029A5908}
		{D41B7DAE-8F00-4876-AD10-8D4C9803CB82} = {D20FED23-BFC8-4EC0-9005-27133FEE2CBF}
		{B33031BB-1B64-4D86-9436-8EB5240618EB} = {D20FED23-BFC8-4EC0-9005-27133FEE2CBF}
		{7810609B-CB6E-4400-A17D-C5B34AC031C4} = {03B3A8D3-EB50-445D-B32C-643D75FA059B}
		{3D4ED926-7FFF-41EA-8D5E-D6FA85465D18} = {03B3A8D3-EB50-445D-B32C-643D75FA059B}
		{B0058573-B5DF-41ED-AEA6-E8EB167EA9D2} = {DBBE5346-AF37-4D49-AA75-EC4BAEA497DC}
		{8A6BA730-1925-4749-A54D-866AD29BECA6} = {DBBE5346-AF37-4D49-AA75-EC4BAEA497DC}
		{4F3DD4E7-417E-41C1-A0C0-56729F3A7393} = {B0058573-B5DF-41ED-AEA6-E8EB167EA9D2}
		{12A1B850-6D16-4C93-AB9D-A532AF657424} = {8A6BA730-1925-4749-A54D-866AD29BECA6}
		{D32B0F76-0E19-47C5-8869-85FB03CE89D4} = {8A6BA730-1925-4749-A54D-866AD29BECA6}
		{309EB23F-D834-4B98-A346-EC9B4A8A07B0} = {46D4E56C-5124-4980-8FAE-DB41E35DE4AC}
	EndGlobalSection
	GlobalSection(ExtensibilityGlobals) = postSolution
		SolutionGuid = {BDAF1C5A-EE4F-41A6-881B-1AB3447603C8}
	EndGlobalSection
EndGlobal
